
Microsoft Visual Studio Solution File, Format Version 12.00
# Visual Studio Version 17
VisualStudioVersion = 17.0.31808.319
MinimumVisualStudioVersion = 10.0.40219.1
Project("{9A19103F-16F7-4668-BE54-9A1E7A4F7556}") = "TASVideosPublicationAssistant", "TASVideosPublicationAssistant\TASVideosPublicationAssistant.csproj", "{AC09139C-B3B2-4024-A1F0-77E09934DBD1}"
EndProject
Global
	GlobalSection(SolutionConfigurationPlatforms) = preSolution
		Debug|Any CPU = Debug|Any CPU
		Release|Any CPU = Release|Any CPU
	EndGlobalSection
	GlobalSection(ProjectConfigurationPlatforms) = postSolution
		{AC09139C-B3B2-4024-A1F0-77E09934DBD1}.Debug|Any CPU.ActiveCfg = Debug|Any CPU
		{AC09139C-B3B2-4024-A1F0-77E09934DBD1}.Debug|Any CPU.Build.0 = Debug|Any CPU
		{AC09139C-B3B2-4024-A1F0-77E09934DBD1}.Release|Any CPU.ActiveCfg = Release|Any CPU
		{AC09139C-B3B2-4024-A1F0-77E09934DBD1}.Release|Any CPU.Build.0 = Release|Any CPU
	EndGlobalSection
	GlobalSection(SolutionProperties) = preSolution
		HideSolutionNode = FALSE
	EndGlobalSection
	GlobalSection(ExtensibilityGlobals) = postSolution
		SolutionGuid = {FF9122D7-7F13-47C6-991C-BA570A411435}
	EndGlobalSection
EndGlobal
